
Microsoft Visual Studio Solution File, Format Version 12.00
# Visual Studio 15
VisualStudioVersion = 15.0.28307.271
MinimumVisualStudioVersion = 10.0.40219.1
Project("{FAE04EC0-301F-11D3-BF4B-00C04F79EFBC}") = "Scadar", "Scadar\Scadar.csproj", "{B14ED2F5-C727-4AEC-AE05-79AE02DC0DC2}"
EndProject
Global
	GlobalSection(SolutionConfigurationPlatforms) = preSolution
		Debug|Any CPU = Debug|Any CPU
		Release|Any CPU = Release|Any CPU
	EndGlobalSection
	GlobalSection(ProjectConfigurationPlatforms) = postSolution
		{B14ED2F5-C727-4AEC-AE05-79AE02DC0DC2}.Debug|Any CPU.ActiveCfg = Debug|Any CPU
		{B14ED2F5-C727-4AEC-AE05-79AE02DC0DC2}.Debug|Any CPU.Build.0 = Debug|Any CPU
		{B14ED2F5-C727-4AEC-AE05-79AE02DC0DC2}.Release|Any CPU.ActiveCfg = Release|Any CPU
		{B14ED2F5-C727-4AEC-AE05-79AE02DC0DC2}.Release|Any CPU.Build.0 = Release|Any CPU
	EndGlobalSection
	GlobalSection(SolutionProperties) = preSolution
		HideSolutionNode = FALSE
	EndGlobalSection
	GlobalSection(ExtensibilityGlobals) = postSolution
		SolutionGuid = {41B4C0DC-D66F-4789-A19D-CDA2C2A78E82}
	EndGlobalSection
EndGlobal
